
Microsoft Visual Studio Solution File, Format Version 12.00
# Visual Studio Version 17
VisualStudioVersion = 17.6.33712.159
MinimumVisualStudioVersion = 10.0.40219.1
Project("{FAE04EC0-301F-11D3-BF4B-00C04F79EFBC}") = "Comp_Club", "Comp_Club.csproj", "{B19DB396-2E71-49BB-AB54-19CC01AD4D6C}"
EndProject
Project("{FAE04EC0-301F-11D3-BF4B-00C04F79EFBC}") = "ClubTests", "ClubTests\ClubTests.csproj", "{0F6EFA11-E492-4D36-A113-5B7D7C3CC923}"
EndProject
Global
	GlobalSection(SolutionConfigurationPlatforms) = preSolution
		Debug|Any CPU = Debug|Any CPU
		Release|Any CPU = Release|Any CPU
	EndGlobalSection
	GlobalSection(ProjectConfigurationPlatforms) = postSolution
		{B19DB396-2E71-49BB-AB54-19CC01AD4D6C}.Debug|Any CPU.ActiveCfg = Debug|Any CPU
		{B19DB396-2E71-49BB-AB54-19CC01AD4D6C}.Debug|Any CPU.Build.0 = Debug|Any CPU
		{B19DB396-2E71-49BB-AB54-19CC01AD4D6C}.Release|Any CPU.ActiveCfg = Release|Any CPU
		{B19DB396-2E71-49BB-AB54-19CC01AD4D6C}.Release|Any CPU.Build.0 = Release|Any CPU
		{0F6EFA11-E492-4D36-A113-5B7D7C3CC923}.Debug|Any CPU.ActiveCfg = Debug|Any CPU
		{0F6EFA11-E492-4D36-A113-5B7D7C3CC923}.Debug|Any CPU.Build.0 = Debug|Any CPU
		{0F6EFA11-E492-4D36-A113-5B7D7C3CC923}.Release|Any CPU.ActiveCfg = Release|Any CPU
		{0F6EFA11-E492-4D36-A113-5B7D7C3CC923}.Release|Any CPU.Build.0 = Release|Any CPU
	EndGlobalSection
	GlobalSection(SolutionProperties) = preSolution
		HideSolutionNode = FALSE
	EndGlobalSection
	GlobalSection(ExtensibilityGlobals) = postSolution
		SolutionGuid = {DB898F14-F6B1-4611-BBD6-43F033BB1226}
	EndGlobalSection
EndGlobal
